
Microsoft Visual Studio Solution File, Format Version 12.00
# Visual Studio Version 17
VisualStudioVersion = 17.9.34622.214
MinimumVisualStudioVersion = 10.0.40219.1
Project("{9A19103F-16F7-4668-BE54-9A1E7A4F7556}") = "dotNetDiscordBot", "dotNetDiscordBot.csproj", "{8136A245-743F-4AD4-970C-4D9AABE9BA50}"
EndProject
Global
	GlobalSection(SolutionConfigurationPlatforms) = preSolution
		Debug|Any CPU = Debug|Any CPU
		Release|Any CPU = Release|Any CPU
	EndGlobalSection
	GlobalSection(ProjectConfigurationPlatforms) = postSolution
		{8136A245-743F-4AD4-970C-4D9AABE9BA50}.Debug|Any CPU.ActiveCfg = Debug|Any CPU
		{8136A245-743F-4AD4-970C-4D9AABE9BA50}.Debug|Any CPU.Build.0 = Debug|Any CPU
		{8136A245-743F-4AD4-970C-4D9AABE9BA50}.Release|Any CPU.ActiveCfg = Release|Any CPU
		{8136A245-743F-4AD4-970C-4D9AABE9BA50}.Release|Any CPU.Build.0 = Release|Any CPU
	EndGlobalSection
	GlobalSection(SolutionProperties) = preSolution
		HideSolutionNode = FALSE
	EndGlobalSection
	GlobalSection(ExtensibilityGlobals) = postSolution
		SolutionGuid = {378707CA-9239-48BB-B44D-60E7B152FA43}
	EndGlobalSection
EndGlobal
